uuid: 752194a1-ce72-428b-ade7-a53440e96b9f
name: Detailed Block
type: mixin
handle: Blocks\DetailedBlock

fields:
    title:
        label: Title
        type: text

    content:
        label: Description
        type: richeditor
        size: small

    list_items:
        label: List Items
        type: datatable
        btnAddRowLabel: Add Item
        btnDeleteRowLabel: Delete Item
        columns:
            text:
                type: string
                title: Text

    button_text:
        label: Button Text
        span: auto
        placeholder: Main call to action

    button_url:
        label: Button URL
        span: auto

    image:
        label: Image
        type: mediafinder
        mode: image
        maxItems: 1
