uuid: 8749c903-9e20-4009-9fba-c0f3153d83bf
name: Paragraph Block
type: mixin
handle: Blocks\ParagraphBlock

fields:
    title:
        label: Title
        type: text

    content:
        label: Description
        type: richeditor
        size: small

    image:
        label: Image
        type: mediafinder
        mode: image
        maxItems: 1
